
Microsoft Visual Studio Solution File, Format Version 12.00
# Visual Studio Version 16
VisualStudioVersion = 16.0.31205.134
MinimumVisualStudioVersion = 10.0.40219.1
Project("{FAE04EC0-301F-11D3-BF4B-00C04F79EFBC}") = "AspNotebook", "AspNotebook\AspNotebook.csproj", "{E9563F44-FE64-4CB6-B525-9313201F63F5}"
EndProject
Global
	GlobalSection(SolutionConfigurationPlatforms) = preSolution
		Debug|Any CPU = Debug|Any CPU
		Release|Any CPU = Release|Any CPU
	EndGlobalSection
	GlobalSection(ProjectConfigurationPlatforms) = postSolution
		{E9563F44-FE64-4CB6-B525-9313201F63F5}.Debug|Any CPU.ActiveCfg = Debug|Any CPU
		{E9563F44-FE64-4CB6-B525-9313201F63F5}.Debug|Any CPU.Build.0 = Debug|Any CPU
		{E9563F44-FE64-4CB6-B525-9313201F63F5}.Release|Any CPU.ActiveCfg = Release|Any CPU
		{E9563F44-FE64-4CB6-B525-9313201F63F5}.Release|Any CPU.Build.0 = Release|Any CPU
	EndGlobalSection
	GlobalSection(SolutionProperties) = preSolution
		HideSolutionNode = FALSE
	EndGlobalSection
	GlobalSection(ExtensibilityGlobals) = postSolution
		SolutionGuid = {EFCDC7A5-501B-43D7-86A6-C2C884712049}
	EndGlobalSection
EndGlobal
